
Microsoft Visual Studio Solution File, Format Version 12.00
# Visual Studio Version 17
VisualStudioVersion = 17.9.34728.123
MinimumVisualStudioVersion = 10.0.40219.1
Project("{FAE04EC0-301F-11D3-BF4B-00C04F79EFBC}") = "TestAppDB", "TestAppDB.csproj", "{715EFDFB-C6BC-47E8-AA35-B44A340B89A6}"
EndProject
Global
	GlobalSection(SolutionConfigurationPlatforms) = preSolution
		Debug|Any CPU = Debug|Any CPU
		Release|Any CPU = Release|Any CPU
	EndGlobalSection
	GlobalSection(ProjectConfigurationPlatforms) = postSolution
		{715EFDFB-C6BC-47E8-AA35-B44A340B89A6}.Debug|Any CPU.ActiveCfg = Debug|Any CPU
		{715EFDFB-C6BC-47E8-AA35-B44A340B89A6}.Debug|Any CPU.Build.0 = Debug|Any CPU
		{715EFDFB-C6BC-47E8-AA35-B44A340B89A6}.Release|Any CPU.ActiveCfg = Release|Any CPU
		{715EFDFB-C6BC-47E8-AA35-B44A340B89A6}.Release|Any CPU.Build.0 = Release|Any CPU
	EndGlobalSection
	GlobalSection(SolutionProperties) = preSolution
		HideSolutionNode = FALSE
	EndGlobalSection
	GlobalSection(ExtensibilityGlobals) = postSolution
		SolutionGuid = {7693B389-8EBB-4145-92A4-FBD9729DBD79}
	EndGlobalSection
EndGlobal
